// !$*UTF8*$!
{
	archiveVersion = 1;
	classes = {
	};
	objectVersion = 46;
	objects = {

/* Begin PBXBuildFile section */
		77FDD5371D426FE300BC9062 /* AppDelegate.swift in Sources */ = {isa = PBXBuildFile; fileRef = 77FDD5361D426FE300BC9062 /* AppDelegate.swift */; };
		77FDD5391D426FE300BC9062 /* ViewController.swift in Sources */ = {isa = PBXBuildFile; fileRef = 77FDD5381D426FE300BC9062 /* ViewController.swift */; };
		77FDD53C1D426FE300BC9062 /* Main.storyboard in Resources */ = {isa = PBXBuildFile; fileRef = 77FDD53A1D426FE300BC9062 /* Main.storyboard */; };
		77FDD53E1D426FE300BC9062 /* Assets.xcassets in Resources */ = {isa = PBXBuildFile; fileRef = 77FDD53D1D426FE300BC9062 /* Assets.xcassets */; };
		77FDD5411D426FE300BC9062 /* LaunchScreen.storyboard in Resources */ = {isa = PBXBuildFile; fileRef = 77FDD53F1D426FE300BC9062 /* LaunchScreen.storyboard */; };
/* End PBXBuildFile section */

/* Begin PBXFileReference section */
		77FDD5331D426FE300BC9062 /* Xcode Version Control.app */ = {isa = PBXFileReference; explicitFileType = wrapper.application; includeInIndex = 0; path = "Xcode Version Control.app"; sourceTree = BUILT_PRODUCTS_DIR; };
		77FDD5361D426FE300BC9062 /* AppDelegate.swift */ = {isa = PBXFileReference; lastKnownFileType = sourcecode.swift; path = AppDelegate.swift; sourceTree = "<group>"; };
		77FDD5381D426FE300BC9062 /* ViewController.swift */ = {isa = PBXFileReference; lastKnownFileType = sourcecode.swift; path = ViewController.swift; sourceTree = "<group>"; };
		77FDD53B1D426FE300BC9062 /* Base */ = {isa = PBXFileReference; lastKnownFileType = file.storyboard; name = Base; path = Base.lproj/Main.storyboard; sourceTree = "<group>"; };
		77FDD53D1D426FE300BC9062 /* Assets.xcassets */ = {isa = PBXFileReference; lastKnownFileType = folder.assetcatalog; path = Assets.xcassets; sourceTree = "<group>"; };
		77FDD5401D426FE300BC9062 /* Base */ = {isa = PBXFileReference; lastKnownFileType = file.storyboard; name = Base; path = Base.lproj/LaunchScreen.storyboard; sourceTree = "<group>"; };
		77FDD5421D426FE300BC9062 /* Info.plist */ = {isa = PBXFileReference; lastKnownFileType = text.plist.xml; path = Info.plist; sourceTree = "<group>"; };
/* End PBXFileReference section */

/* Begin PBXFrameworksBuildPhase section */
		77FDD5301D426FE300BC9062 /* Frameworks */ = {
			isa = PBXFrameworksBuildPhase;
			buildActionMask = 2147483647;
			files = (
			);
			runOnlyForDeploymentPostprocessing = 0;
		};
/* End PBXFrameworksBuildPhase section */

/* Begin PBXGroup section */
		77FDD52A1D426FE300BC9062 = {
			isa = PBXGroup;
			children = (
				77FDD5351D426FE300BC9062 /* Xcode Version Control */,
				77FDD5341D426FE300BC9062 /* Products */,
			);
			sourceTree = "<group>";
		};
		77FDD5341D426FE300BC9062 /* Products */ = {
			isa = PBXGroup;
			children = (
				77FDD5331D426FE300BC9062 /* Xcode Version Control.app */,
			);
			name = Products;
			sourceTree = "<group>";
		};
		77FDD5351D426FE300BC9062 /* Xcode Version Control */ = {
			isa = PBXGroup;
			children = (
				77FDD5361D426FE300BC9062 /* AppDelegate.swift */,
				77FDD5381D426FE300BC9062 /* ViewController.swift */,
				77FDD53A1D426FE300BC9062 /* Main.storyboard */,
				77FDD53D1D426FE300BC9062 /* Assets.xcassets */,
				77FDD53F1D426FE300BC9062 /* LaunchScreen.storyboard */,
				77FDD5421D426FE300BC9062 /* Info.plist */,
			);
			path = "Xcode Version Control";
			sourceTree = "<group>";
		};
/* End PBXGroup section */

/* Begin PBXNativeTarget section */
		77FDD5321D426FE300BC9062 /* Xcode Version Control */ = {
			isa = PBXNativeTarget;
			buildConfigurationList = 77FDD5451D426FE300BC9062 /* Build configuration list for PBXNativeTarget "Xcode Version Control" */;
			buildPhases = (
				77FDD52F1D426FE300BC9062 /* Sources */,
				77FDD5301D426FE300BC9062 /* Frameworks */,
				77FDD5311D426FE300BC9062 /* Resources */,
			);
			buildRules = (
			);
			dependencies = (
			);
			name = "Xcode Version Control";
			productName = "Xcode Version Control";
			productReference = 77FDD5331D426FE300BC9062 /* Xcode Version Control.app */;
			productType = "com.apple.product-type.application";
		};
/* End PBXNativeTarget section */

/* Begin PBXProject section */
		77FDD52B1D426FE300BC9062 /* Project object */ = {
			isa = PBXProject;
			attributes = {
				LastSwiftUpdateCheck = 0730;
				LastUpgradeCheck = 0730;
				ORGANIZATIONNAME = "Teddy Chen";
				TargetAttributes = {
					77FDD5321D426FE300BC9062 = {
						CreatedOnToolsVersion = 7.3.1;
					};
				};
			};
			buildConfigurationList = 77FDD52E1D426FE300BC9062 /* Build configuration list for PBXProject "Xcode Version Control" */;
			compatibilityVersion = "Xcode 3.2";
			developmentRegion = English;
			hasScannedForEncodings = 0;
			knownRegions = (
				en,
				Base,
			);
			mainGroup = 77FDD52A1D426FE300BC9062;
			productRefGroup = 77FDD5341D426FE300BC9062 /* Products */;
			projectDirPath = "";
			projectRoot = "";
			targets = (
				77FDD5321D426FE300BC9062 /* Xcode Version Control */,
			);
		};
/* End PBXProject section */

/* Begin PBXResourcesBuildPhase section */
		77FDD5311D426FE300BC9062 /* Resources */ = {
			isa = PBXResourcesBuildPhase;
			buildActionMask = 2147483647;
			files = (
				77FDD5411D426FE300BC9062 /* LaunchScreen.storyboard in Resources */,
				77FDD53E1D426FE300BC9062 /* Assets.xcassets in Resources */,
				77FDD53C1D426FE300BC9062 /* Main.storyboard in Resources */,
			);
			runOnlyForDeploymentPostprocessing = 0;
		};
/* End PBXResourcesBuildPhase section */

/* Begin PBXSourcesBuildPhase section */
		77FDD52F1D426FE300BC9062 /* Sources */ = {
			isa = PBXSourcesBuildPhase;
			buildActionMask = 2147483647;
			files = (
				77FDD5391D426FE300BC9062 /* ViewController.swift in Sources */,
				77FDD5371D426FE300BC9062 /* AppDelegate.swift in Sources */,
			);
			runOnlyForDeploymentPostprocessing = 0;
		};
/* End PBXSourcesBuildPhase section */

/* Begin PBXVariantGroup section */
		77FDD53A1D426FE300BC9062 /* Main.storyboard */ = {
			isa = PBXVariantGroup;
			children = (
				77FDD53B1D426FE300BC9062 /* Base */,
			);
			name = Main.storyboard;
			sourceTree = "<group>";
		};
		77FDD53F1D426FE300BC9062 /* LaunchScreen.storyboard */ = {
			isa = PBXVariantGroup;
			children = (
				77FDD5401D426FE300BC9062 /* Base */,
			);
			name = LaunchScreen.storyboard;
			sourceTree = "<group>";
		};
/* End PBXVariantGroup section */

/* Begin XCBuildConfiguration section */
		77FDD5431D426FE300BC9062 /* Debug */ = {
			isa = XCBuildConfiguration;
			buildSettings = {
				ALWAYS_SEARCH_USER_PATHS = NO;
				CLANG_ANALYZER_NONNULL = YES;
				CLANG_CXX_LANGUAGE_STANDARD = "gnu++0x";
				CLANG_CXX_LIBRARY = "libc++";
				CLANG_ENABLE_MODULES = YES;
				CLANG_ENABLE_OBJC_ARC = YES;
				CLANG_WARN_BOOL_CONVERSION = YES;
				CLANG_WARN_CONSTANT_CONVERSION = YES;
				CLANG_WARN_DIRECT_OBJC_ISA_USAGE = YES_ERROR;
				CLANG_WARN_EMPTY_BODY = YES;
				CLANG_WARN_ENUM_CONVERSION = YES;
				CLANG_WARN_INT_CONVERSION = YES;
				CLANG_WARN_OBJC_ROOT_CLASS = YES_ERROR;
				CLANG_WARN_UNREACHABLE_CODE = YES;
				CLANG_WARN__DUPLICATE_METHOD_MATCH = YES;
				"CODE_SIGN_IDENTITY[sdk=iphoneos*]" = "iPhone Developer";
				COPY_PHASE_STRIP = NO;
				DEBUG_INFORMATION_FORMAT = dwarf;
				ENABLE_STRICT_OBJC_MSGSEND = YES;
				ENABLE_TESTABILITY = YES;
				GCC_C_LANGUAGE_STANDARD = gnu99;
				GCC_DYNAMIC_NO_PIC = NO;
				GCC_NO_COMMON_BLOCKS = YES;
				GCC_OPTIMIZATION_LEVEL = 0;
				GCC_PREPROCESSOR_DEFINITIONS = (
					"DEBUG=1",
					"$(inherited)",
				);
				GCC_WARN_64_TO_32_BIT_CONVERSION = YES;
				GCC_WARN_ABOUT_RETURN_TYPE = YES_ERROR;
				GCC_WARN_UNDECLARED_SELECTOR = YES;
				GCC_WARN_UNINITIALIZED_AUTOS = YES_AGGRESSIVE;
				GCC_WARN_UNUSED_FUNCTION = YES;
				GCC_WARN_UNUSED_VARIABLE = YES;
				IPHONEOS_DEPLOYMENT_TARGET = 9.3;
				MTL_ENABLE_DEBUG_INFO = YES;
				ONLY_ACTIVE_ARCH = YES;
				SDKROOT = iphoneos;
				SWIFT_OPTIMIZATION_LEVEL = "-Onone";
			};
			name = Debug;
		};
		77FDD5441D426FE300BC9062 /* Release */ = {
			isa = XCBuildConfiguration;
			buildSettings = {
				ALWAYS_SEARCH_USER_PATHS = NO;
				CLANG_ANALYZER_NONNULL = YES;
				CLANG_CXX_LANGUAGE_STANDARD = "gnu++0x";
				CLANG_CXX_LIBRARY = "libc++";
				CLANG_ENABLE_MODULES = YES;
				CLANG_ENABLE_OBJC_ARC = YES;
				CLANG_WARN_BOOL_CONVERSION = YES;
				CLANG_WARN_CONSTANT_CONVERSION = YES;
				CLANG_WARN_DIRECT_OBJC_ISA_USAGE = YES_ERROR;
				CLANG_WARN_EMPTY_BODY = YES;
				CLANG_WARN_ENUM_CONVERSION = YES;
				CLANG_WARN_INT_CONVERSION = YES;
				CLANG_WARN_OBJC_ROOT_CLASS = YES_ERROR;
				CLANG_WARN_UNREACHABLE_CODE = YES;
				CLANG_WARN__DUPLICATE_METHOD_MATCH = YES;
				"CODE_SIGN_IDENTITY[sdk=iphoneos*]" = "iPhone Developer";
				COPY_PHASE_STRIP = NO;
				DEBUG_INFORMATION_FORMAT = "dwarf-with-dsym";
				ENABLE_NS_ASSERTIONS = NO;
				ENABLE_STRICT_OBJC_MSGSEND = YES;
				GCC_C_LANGUAGE_STANDARD = gnu99;
				GCC_NO_COMMON_BLOCKS = YES;
				GCC_WARN_64_TO_32_BIT_CONVERSION = YES;
				GCC_WARN_ABOUT_RETURN_TYPE = YES_ERROR;
				GCC_WARN_UNDECLARED_SELECTOR = YES;
				GCC_WARN_UNINITIALIZED_AUTOS = YES_AGGRESSIVE;
				GCC_WARN_UNUSED_FUNCTION = YES;
				GCC_WARN_UNUSED_VARIABLE = YES;
				IPHONEOS_DEPLOYMENT_TARGET = 9.3;
				MTL_ENABLE_DEBUG_INFO = NO;
				SDKROOT = iphoneos;
				VALIDATE_PRODUCT = YES;
			};
			name = Release;
		};
		77FDD5461D426FE300BC9062 /* Debug */ = {
			isa = XCBuildConfiguration;
			buildSettings = {
				ASSETCATALOG_COMPILER_APPICON_NAME = AppIcon;
				INFOPLIST_FILE = "Xcode Version Control/Info.plist";
				LD_RUNPATH_SEARCH_PATHS = "$(inherited) @executable_path/Frameworks";
				PRODUCT_BUNDLE_IDENTIFIER = "com.teddychen.Xcode-Version-Control";
				PRODUCT_NAME = "$(TARGET_NAME)";
			};
			name = Debug;
		};
		77FDD5471D426FE300BC9062 /* Release */ = {
			isa = XCBuildConfiguration;
			buildSettings = {
				ASSETCATALOG_COMPILER_APPICON_NAME = AppIcon;
				INFOPLIST_FILE = "Xcode Version Control/Info.plist";
				LD_RUNPATH_SEARCH_PATHS = "$(inherited) @executable_path/Frameworks";
				PRODUCT_BUNDLE_IDENTIFIER = "com.teddychen.Xcode-Version-Control";
				PRODUCT_NAME = "$(TARGET_NAME)";
			};
			name = Release;
		};
/* End XCBuildConfiguration section */

/* Begin XCConfigurationList section */
		77FDD52E1D426FE300BC9062 /* Build configuration list for PBXProject "Xcode Version Control" */ = {
			isa = XCConfigurationList;
			buildConfigurations = (
				77FDD5431D426FE300BC9062 /* Debug */,
				77FDD5441D426FE300BC9062 /* Release */,
			);
			defaultConfigurationIsVisible = 0;
			defaultConfigurationName = Release;
		};
		77FDD5451D426FE300BC9062 /* Build configuration list for PBXNativeTarget "Xcode Version Control" */ = {
			isa = XCConfigurationList;
			buildConfigurations = (
				77FDD5461D426FE300BC9062 /* Debug */,
				77FDD5471D426FE300BC9062 /* Release */,
			);
			defaultConfigurationIsVisible = 0;
		};
/* End XCConfigurationList section */
	};
	rootObject = 77FDD52B1D426FE300BC9062 /* Project object */;
}
